
Microsoft Visual Studio Solution File, Format Version 12.00
Project("{FAE04EC0-301F-11D3-BF4B-00C04F79EFBC}") = "ProxyPatrn", "ProxyPatrn\ProxyPatrn.csproj", "{04590E3C-B101-4595-A91C-553FB73EA88B}"
EndProject
Global
	GlobalSection(SolutionConfigurationPlatforms) = preSolution
		Debug|Any CPU = Debug|Any CPU
		Release|Any CPU = Release|Any CPU
	EndGlobalSection
	GlobalSection(ProjectConfigurationPlatforms) = postSolution
		{04590E3C-B101-4595-A91C-553FB73EA88B}.Debug|Any CPU.ActiveCfg = Debug|Any CPU
		{04590E3C-B101-4595-A91C-553FB73EA88B}.Debug|Any CPU.Build.0 = Debug|Any CPU
		{04590E3C-B101-4595-A91C-553FB73EA88B}.Release|Any CPU.ActiveCfg = Release|Any CPU
		{04590E3C-B101-4595-A91C-553FB73EA88B}.Release|Any CPU.Build.0 = Release|Any CPU
	EndGlobalSection
EndGlobal
